
Microsoft Visual Studio Solution File, Format Version 12.00
# Visual Studio Version 16
VisualStudioVersion = 16.0.31129.286
MinimumVisualStudioVersion = 10.0.40219.1
Project("{8BC9CEB8-8B4A-11D0-8D11-00A0C91BC942}") = "screenShot", "screenShot.vcxproj", "{98680F29-70BC-474C-BF33-12D39312A377}"
EndProject
Global
	GlobalSection(SolutionConfigurationPlatforms) = preSolution
		Debug|x64 = Debug|x64
		Debug|x86 = Debug|x86
		Release|x64 = Release|x64
		Release|x86 = Release|x86
	EndGlobalSection
	GlobalSection(ProjectConfigurationPlatforms) = postSolution
		{98680F29-70BC-474C-BF33-12D39312A377}.Debug|x64.ActiveCfg = Debug|x64
		{98680F29-70BC-474C-BF33-12D39312A377}.Debug|x64.Build.0 = Debug|x64
		{98680F29-70BC-474C-BF33-12D39312A377}.Debug|x86.ActiveCfg = Debug|Win32
		{98680F29-70BC-474C-BF33-12D39312A377}.Debug|x86.Build.0 = Debug|Win32
		{98680F29-70BC-474C-BF33-12D39312A377}.Release|x64.ActiveCfg = Release|x64
		{98680F29-70BC-474C-BF33-12D39312A377}.Release|x64.Build.0 = Release|x64
		{98680F29-70BC-474C-BF33-12D39312A377}.Release|x86.ActiveCfg = Release|Win32
		{98680F29-70BC-474C-BF33-12D39312A377}.Release|x86.Build.0 = Release|Win32
	EndGlobalSection
	GlobalSection(SolutionProperties) = preSolution
		HideSolutionNode = FALSE
	EndGlobalSection
	GlobalSection(ExtensibilityGlobals) = postSolution
		SolutionGuid = {14C19A9D-7952-4D79-8186-3A2E26B78CED}
	EndGlobalSection
EndGlobal
